// !$*UTF8*$!
{
	archiveVersion = 1;
	classes = {
	};
	objectVersion = 71;
	objects = {

/* Begin PBXBuildFile section */
		F10000000000000000000001 /* Differ in Frameworks */ = {isa = PBXBuildFile; productRef = F10000000000000000000003 /* Differ */; };
/* End PBXBuildFile section */

/* Begin PBXContainerItemProxy section */
		4619225E2F5ABC8000DD137D /* PBXContainerItemProxy */ = {
			isa = PBXContainerItemProxy;
			containerPortal = 461922462F5ABC7E00DD137D /* Project object */;
			proxyType = 1;
			remoteGlobalIDString = 4619224D2F5ABC7E00DD137D;
			remoteInfo = minimark;
		};
		461922682F5ABC8000DD137D /* PBXContainerItemProxy */ = {
			isa = PBXContainerItemProxy;
			containerPortal = 461922462F5ABC7E00DD137D /* Project object */;
			proxyType = 1;
			remoteGlobalIDString = 4619224D2F5ABC7E00DD137D;
			remoteInfo = minimark;
		};
/* End PBXContainerItemProxy section */

/* Begin PBXFileReference section */
		4619224E2F5ABC7E00DD137D /* MarkdownObserver.app */ = {isa = PBXFileReference; explicitFileType = wrapper.application; includeInIndex = 0; path = MarkdownObserver.app; sourceTree = BUILT_PRODUCTS_DIR; };
		4619225D2F5ABC8000DD137D /* minimarkTests.xctest */ = {isa = PBXFileReference; explicitFileType = wrapper.cfbundle; includeInIndex = 0; path = minimarkTests.xctest; sourceTree = BUILT_PRODUCTS_DIR; };
		461922672F5ABC8000DD137D /* minimarkUITests.xctest */ = {isa = PBXFileReference; explicitFileType = wrapper.cfbundle; includeInIndex = 0; path = minimarkUITests.xctest; sourceTree = BUILT_PRODUCTS_DIR; };
		D10000000000000000000050 /* Config/OpenSourceDefaults.xcconfig */ = {isa = PBXFileReference; lastKnownFileType = text.xcconfig; path = Config/OpenSourceDefaults.xcconfig; sourceTree = SOURCE_ROOT; };
		D10000000000000000000051 /* Config/Signing.local.example.xcconfig */ = {isa = PBXFileReference; lastKnownFileType = text.xcconfig; path = Config/Signing.local.example.xcconfig; sourceTree = SOURCE_ROOT; };
/* End PBXFileReference section */

/* Begin PBXFileSystemSynchronizedBuildFileExceptionSet section */
		B10000000000000000000001 /* PBXFileSystemSynchronizedBuildFileExceptionSet */ = {
			isa = PBXFileSystemSynchronizedBuildFileExceptionSet;
			membershipExceptions = (
				App/Info.plist,
			);
			target = 4619224D2F5ABC7E00DD137D /* minimark */;
		};
/* End PBXFileSystemSynchronizedBuildFileExceptionSet section */

/* Begin PBXFileSystemSynchronizedRootGroup section */
		461922502F5ABC7E00DD137D /* minimark */ = {isa = PBXFileSystemSynchronizedRootGroup; exceptions = (B10000000000000000000001 /* PBXFileSystemSynchronizedBuildFileExceptionSet */, ); explicitFileTypes = {}; explicitFolders = (); path = minimark; sourceTree = "<group>"; };
		461922602F5ABC8000DD137D /* minimarkTests */ = {isa = PBXFileSystemSynchronizedRootGroup; explicitFileTypes = {}; explicitFolders = (); path = minimarkTests; sourceTree = "<group>"; };
		4619226A2F5ABC8000DD137D /* minimarkUITests */ = {isa = PBXFileSystemSynchronizedRootGroup; explicitFileTypes = {}; explicitFolders = (); path = minimarkUITests; sourceTree = "<group>"; };
/* End PBXFileSystemSynchronizedRootGroup section */

/* Begin PBXFrameworksBuildPhase section */
		4619224B2F5ABC7E00DD137D /* Frameworks */ = {
			isa = PBXFrameworksBuildPhase;
			buildActionMask = 2147483647;
			files = (
				F10000000000000000000001 /* Differ in Frameworks */,
			);
			runOnlyForDeploymentPostprocessing = 0;
		};
		4619225A2F5ABC8000DD137D /* Frameworks */ = {
			isa = PBXFrameworksBuildPhase;
			buildActionMask = 2147483647;
			files = (
			);
			runOnlyForDeploymentPostprocessing = 0;
		};
		461922642F5ABC8000DD137D /* Frameworks */ = {
			isa = PBXFrameworksBuildPhase;
			buildActionMask = 2147483647;
			files = (
			);
			runOnlyForDeploymentPostprocessing = 0;
		};
/* End PBXFrameworksBuildPhase section */

/* Begin PBXGroup section */
		461922452F5ABC7E00DD137D = {
			isa = PBXGroup;
			children = (
				C10000000000000000000013 /* Config */,
				461922502F5ABC7E00DD137D /* minimark */,
				461922602F5ABC8000DD137D /* minimarkTests */,
				4619226A2F5ABC8000DD137D /* minimarkUITests */,
				4619224F2F5ABC7E00DD137D /* Products */,
			);
			sourceTree = "<group>";
		};
		4619224F2F5ABC7E00DD137D /* Products */ = {
			isa = PBXGroup;
			children = (
				4619224E2F5ABC7E00DD137D /* MarkdownObserver.app */,
				4619225D2F5ABC8000DD137D /* minimarkTests.xctest */,
				461922672F5ABC8000DD137D /* minimarkUITests.xctest */,
			);
			name = Products;
			sourceTree = "<group>";
		};
		C10000000000000000000013 /* Config */ = {
			isa = PBXGroup;
			children = (
				D10000000000000000000050 /* Config/OpenSourceDefaults.xcconfig */,
				D10000000000000000000051 /* Config/Signing.local.example.xcconfig */,
			);
			name = Config;
			sourceTree = "<group>";
		};
/* End PBXGroup section */

/* Begin PBXNativeTarget section */
		4619224D2F5ABC7E00DD137D /* minimark */ = {
			isa = PBXNativeTarget;
			buildConfigurationList = 461922712F5ABC8000DD137D /* Build configuration list for PBXNativeTarget "minimark" */;
			buildPhases = (
				4619224A2F5ABC7E00DD137D /* Sources */,
				4619224B2F5ABC7E00DD137D /* Frameworks */,
				4619224C2F5ABC7E00DD137D /* Resources */,
			);
			buildRules = (
			);
			dependencies = (
			);
			fileSystemSynchronizedGroups = (
				461922502F5ABC7E00DD137D /* minimark */,
			);
			name = minimark;
			packageProductDependencies = (
				F10000000000000000000003 /* Differ */,
			);
			productName = MarkdownObserver;
			productReference = 4619224E2F5ABC7E00DD137D /* MarkdownObserver.app */;
			productType = "com.apple.product-type.application";
		};
		4619225C2F5ABC8000DD137D /* minimarkTests */ = {
			isa = PBXNativeTarget;
			buildConfigurationList = 461922742F5ABC8000DD137D /* Build configuration list for PBXNativeTarget "minimarkTests" */;
			buildPhases = (
				461922592F5ABC8000DD137D /* Sources */,
				4619225A2F5ABC8000DD137D /* Frameworks */,
				4619225B2F5ABC8000DD137D /* Resources */,
			);
			buildRules = (
			);
			dependencies = (
				4619225F2F5ABC8000DD137D /* PBXTargetDependency */,
			);
			fileSystemSynchronizedGroups = (
				461922602F5ABC8000DD137D /* minimarkTests */,
			);
			name = minimarkTests;
			packageProductDependencies = (
			);
			productName = minimarkTests;
			productReference = 4619225D2F5ABC8000DD137D /* minimarkTests.xctest */;
			productType = "com.apple.product-type.bundle.unit-test";
		};
		461922662F5ABC8000DD137D /* minimarkUITests */ = {
			isa = PBXNativeTarget;
			buildConfigurationList = 461922772F5ABC8000DD137D /* Build configuration list for PBXNativeTarget "minimarkUITests" */;
			buildPhases = (
				461922632F5ABC8000DD137D /* Sources */,
				461922642F5ABC8000DD137D /* Frameworks */,
				461922652F5ABC8000DD137D /* Resources */,
			);
			buildRules = (
			);
			dependencies = (
				461922692F5ABC8000DD137D /* PBXTargetDependency */,
			);
			fileSystemSynchronizedGroups = (
				4619226A2F5ABC8000DD137D /* minimarkUITests */,
			);
			name = minimarkUITests;
			packageProductDependencies = (
			);
			productName = minimarkUITests;
			productReference = 461922672F5ABC8000DD137D /* minimarkUITests.xctest */;
			productType = "com.apple.product-type.bundle.ui-testing";
		};
/* End PBXNativeTarget section */

/* Begin PBXProject section */
		461922462F5ABC7E00DD137D /* Project object */ = {
			isa = PBXProject;
			attributes = {
				BuildIndependentTargetsInParallel = 1;
				LastSwiftUpdateCheck = 2620;
				LastUpgradeCheck = 2620;
				TargetAttributes = {
					4619224D2F5ABC7E00DD137D = {
						CreatedOnToolsVersion = 26.2;
					};
					4619225C2F5ABC8000DD137D = {
						CreatedOnToolsVersion = 26.2;
						TestTargetID = 4619224D2F5ABC7E00DD137D;
					};
					461922662F5ABC8000DD137D = {
						CreatedOnToolsVersion = 26.2;
						TestTargetID = 4619224D2F5ABC7E00DD137D;
					};
				};
			};
			buildConfigurationList = 461922492F5ABC7E00DD137D /* Build configuration list for PBXProject "minimark" */;
			compatibilityVersion = "Xcode 16.0";
			developmentRegion = en;
			hasScannedForEncodings = 0;
			knownRegions = (
				en,
				Base,
			);
			mainGroup = 461922452F5ABC7E00DD137D;
			packageReferences = (
				F10000000000000000000002 /* XCRemoteSwiftPackageReference "Differ" */,
			);
			productRefGroup = 4619224F2F5ABC7E00DD137D /* Products */;
			projectDirPath = "";
			projectRoot = "";
			targets = (
				4619224D2F5ABC7E00DD137D /* minimark */,
				4619225C2F5ABC8000DD137D /* minimarkTests */,
				461922662F5ABC8000DD137D /* minimarkUITests */,
			);
		};
/* End PBXProject section */

/* Begin PBXResourcesBuildPhase section */
		4619224C2F5ABC7E00DD137D /* Resources */ = {
			isa = PBXResourcesBuildPhase;
			buildActionMask = 2147483647;
			files = (
			);
			runOnlyForDeploymentPostprocessing = 0;
		};
		4619225B2F5ABC8000DD137D /* Resources */ = {
			isa = PBXResourcesBuildPhase;
			buildActionMask = 2147483647;
			files = (
			);
			runOnlyForDeploymentPostprocessing = 0;
		};
		461922652F5ABC8000DD137D /* Resources */ = {
			isa = PBXResourcesBuildPhase;
			buildActionMask = 2147483647;
			files = (
			);
			runOnlyForDeploymentPostprocessing = 0;
		};
/* End PBXResourcesBuildPhase section */

/* Begin PBXSourcesBuildPhase section */
		4619224A2F5ABC7E00DD137D /* Sources */ = {
			isa = PBXSourcesBuildPhase;
			buildActionMask = 2147483647;
			files = (
			);
			runOnlyForDeploymentPostprocessing = 0;
		};
		461922592F5ABC8000DD137D /* Sources */ = {
			isa = PBXSourcesBuildPhase;
			buildActionMask = 2147483647;
			files = (
			);
			runOnlyForDeploymentPostprocessing = 0;
		};
		461922632F5ABC8000DD137D /* Sources */ = {
			isa = PBXSourcesBuildPhase;
			buildActionMask = 2147483647;
			files = (
			);
			runOnlyForDeploymentPostprocessing = 0;
		};
/* End PBXSourcesBuildPhase section */

/* Begin PBXTargetDependency section */
		4619225F2F5ABC8000DD137D /* PBXTargetDependency */ = {
			isa = PBXTargetDependency;
			target = 4619224D2F5ABC7E00DD137D /* minimark */;
			targetProxy = 4619225E2F5ABC8000DD137D /* PBXContainerItemProxy */;
		};
		461922692F5ABC8000DD137D /* PBXTargetDependency */ = {
			isa = PBXTargetDependency;
			target = 4619224D2F5ABC7E00DD137D /* minimark */;
			targetProxy = 461922682F5ABC8000DD137D /* PBXContainerItemProxy */;
		};
/* End PBXTargetDependency section */

/* Begin XCBuildConfiguration section */
		4619226F2F5ABC8000DD137D /* Debug */ = {
			isa = XCBuildConfiguration;
			baseConfigurationReference = D10000000000000000000050 /* Config/OpenSourceDefaults.xcconfig */;
			buildSettings = {
				ALWAYS_SEARCH_USER_PATHS = NO;
				ASSETCATALOG_COMPILER_GENERATE_SWIFT_ASSET_SYMBOL_EXTENSIONS = YES;
				CLANG_ANALYZER_NONNULL = YES;
				CLANG_ANALYZER_NUMBER_OBJECT_CONVERSION = YES_AGGRESSIVE;
				CLANG_CXX_LANGUAGE_STANDARD = "gnu++20";
				CLANG_ENABLE_MODULES = YES;
				CLANG_ENABLE_OBJC_ARC = YES;
				CLANG_ENABLE_OBJC_WEAK = YES;
				CLANG_WARN_BLOCK_CAPTURE_AUTORELEASING = YES;
				CLANG_WARN_BOOL_CONVERSION = YES;
				CLANG_WARN_COMMA = YES;
				CLANG_WARN_CONSTANT_CONVERSION = YES;
				CLANG_WARN_DEPRECATED_OBJC_IMPLEMENTATIONS = YES;
				CLANG_WARN_DIRECT_OBJC_ISA_USAGE = YES_ERROR;
				CLANG_WARN_DOCUMENTATION_COMMENTS = YES;
				CLANG_WARN_EMPTY_BODY = YES;
				CLANG_WARN_ENUM_CONVERSION = YES;
				CLANG_WARN_INFINITE_RECURSION = YES;
				CLANG_WARN_INT_CONVERSION = YES;
				CLANG_WARN_NON_LITERAL_NULL_CONVERSION = YES;
				CLANG_WARN_OBJC_IMPLICIT_RETAIN_SELF = YES;
				CLANG_WARN_OBJC_LITERAL_CONVERSION = YES;
				CLANG_WARN_OBJC_ROOT_CLASS = YES_ERROR;
				CLANG_WARN_QUOTED_INCLUDE_IN_FRAMEWORK_HEADER = YES;
				CLANG_WARN_RANGE_LOOP_ANALYSIS = YES;
				CLANG_WARN_STRICT_PROTOTYPES = YES;
				CLANG_WARN_SUSPICIOUS_MOVE = YES;
				CLANG_WARN_UNGUARDED_AVAILABILITY = YES_AGGRESSIVE;
				CLANG_WARN_UNREACHABLE_CODE = YES;
				CLANG_WARN__DUPLICATE_METHOD_MATCH = YES;
				COPY_PHASE_STRIP = NO;
				DEAD_CODE_STRIPPING = YES;
				DEBUG_INFORMATION_FORMAT = dwarf;
				ENABLE_STRICT_OBJC_MSGSEND = YES;
				ENABLE_TESTABILITY = YES;
				ENABLE_USER_SCRIPT_SANDBOXING = YES;
				GCC_C_LANGUAGE_STANDARD = gnu17;
				GCC_DYNAMIC_NO_PIC = NO;
				GCC_NO_COMMON_BLOCKS = YES;
				GCC_OPTIMIZATION_LEVEL = 0;
				GCC_PREPROCESSOR_DEFINITIONS = (
					"DEBUG=1",
					"$(inherited)",
				);
				GCC_WARN_64_TO_32_BIT_CONVERSION = YES;
				GCC_WARN_ABOUT_RETURN_TYPE = YES_ERROR;
				GCC_WARN_UNDECLARED_SELECTOR = YES;
				GCC_WARN_UNINITIALIZED_AUTOS = YES_AGGRESSIVE;
				GCC_WARN_UNUSED_FUNCTION = YES;
				GCC_WARN_UNUSED_VARIABLE = YES;
				LOCALIZATION_PREFERS_STRING_CATALOGS = YES;
				MACOSX_DEPLOYMENT_TARGET = 15.0;
				MTL_ENABLE_DEBUG_INFO = INCLUDE_SOURCE;
				MTL_FAST_MATH = YES;
				ONLY_ACTIVE_ARCH = YES;
				SDKROOT = macosx;
				STRING_CATALOG_GENERATE_SYMBOLS = YES;
				SWIFT_ACTIVE_COMPILATION_CONDITIONS = "DEBUG $(inherited)";
				SWIFT_OPTIMIZATION_LEVEL = "-Onone";
			};
			name = Debug;
		};
		461922702F5ABC8000DD137D /* Release */ = {
			isa = XCBuildConfiguration;
			baseConfigurationReference = D10000000000000000000050 /* Config/OpenSourceDefaults.xcconfig */;
			buildSettings = {
				ALWAYS_SEARCH_USER_PATHS = NO;
				ASSETCATALOG_COMPILER_GENERATE_SWIFT_ASSET_SYMBOL_EXTENSIONS = YES;
				CLANG_ANALYZER_NONNULL = YES;
				CLANG_ANALYZER_NUMBER_OBJECT_CONVERSION = YES_AGGRESSIVE;
				CLANG_CXX_LANGUAGE_STANDARD = "gnu++20";
				CLANG_ENABLE_MODULES = YES;
				CLANG_ENABLE_OBJC_ARC = YES;
				CLANG_ENABLE_OBJC_WEAK = YES;
				CLANG_WARN_BLOCK_CAPTURE_AUTORELEASING = YES;
				CLANG_WARN_BOOL_CONVERSION = YES;
				CLANG_WARN_COMMA = YES;
				CLANG_WARN_CONSTANT_CONVERSION = YES;
				CLANG_WARN_DEPRECATED_OBJC_IMPLEMENTATIONS = YES;
				CLANG_WARN_DIRECT_OBJC_ISA_USAGE = YES_ERROR;
				CLANG_WARN_DOCUMENTATION_COMMENTS = YES;
				CLANG_WARN_EMPTY_BODY = YES;
				CLANG_WARN_ENUM_CONVERSION = YES;
				CLANG_WARN_INFINITE_RECURSION = YES;
				CLANG_WARN_INT_CONVERSION = YES;
				CLANG_WARN_NON_LITERAL_NULL_CONVERSION = YES;
				CLANG_WARN_OBJC_IMPLICIT_RETAIN_SELF = YES;
				CLANG_WARN_OBJC_LITERAL_CONVERSION = YES;
				CLANG_WARN_OBJC_ROOT_CLASS = YES_ERROR;
				CLANG_WARN_QUOTED_INCLUDE_IN_FRAMEWORK_HEADER = YES;
				CLANG_WARN_RANGE_LOOP_ANALYSIS = YES;
				CLANG_WARN_STRICT_PROTOTYPES = YES;
				CLANG_WARN_SUSPICIOUS_MOVE = YES;
				CLANG_WARN_UNGUARDED_AVAILABILITY = YES_AGGRESSIVE;
				CLANG_WARN_UNREACHABLE_CODE = YES;
				CLANG_WARN__DUPLICATE_METHOD_MATCH = YES;
				COPY_PHASE_STRIP = NO;
				DEAD_CODE_STRIPPING = YES;
				DEBUG_INFORMATION_FORMAT = "dwarf-with-dsym";
				ENABLE_NS_ASSERTIONS = NO;
				ENABLE_STRICT_OBJC_MSGSEND = YES;
				ENABLE_USER_SCRIPT_SANDBOXING = YES;
				GCC_C_LANGUAGE_STANDARD = gnu17;
				GCC_NO_COMMON_BLOCKS = YES;
				GCC_WARN_64_TO_32_BIT_CONVERSION = YES;
				GCC_WARN_ABOUT_RETURN_TYPE = YES_ERROR;
				GCC_WARN_UNDECLARED_SELECTOR = YES;
				GCC_WARN_UNINITIALIZED_AUTOS = YES_AGGRESSIVE;
				GCC_WARN_UNUSED_FUNCTION = YES;
				GCC_WARN_UNUSED_VARIABLE = YES;
				LOCALIZATION_PREFERS_STRING_CATALOGS = YES;
				MACOSX_DEPLOYMENT_TARGET = 15.0;
				MTL_ENABLE_DEBUG_INFO = NO;
				MTL_FAST_MATH = YES;
				SDKROOT = macosx;
				STRING_CATALOG_GENERATE_SYMBOLS = YES;
				SWIFT_COMPILATION_MODE = wholemodule;
				SWIFT_OPTIMIZATION_LEVEL = "-O";
			};
			name = Release;
		};
		461922722F5ABC8000DD137D /* Debug */ = {
			isa = XCBuildConfiguration;
			baseConfigurationReference = D10000000000000000000050 /* Config/OpenSourceDefaults.xcconfig */;
			buildSettings = {
				ASSETCATALOG_COMPILER_APPICON_NAME = AppIcon;
				ASSETCATALOG_COMPILER_GLOBAL_ACCENT_COLOR_NAME = AccentColor;
				CODE_SIGN_ENTITLEMENTS = minimark/App/minimark.entitlements;
				CODE_SIGN_STYLE = Automatic;
				COMBINE_HIDPI_IMAGES = YES;
				CURRENT_PROJECT_VERSION = 56;
				DEAD_CODE_STRIPPING = YES;
				ENABLE_APP_SANDBOX = YES;
				ENABLE_HARDENED_RUNTIME = YES;
				ENABLE_OUTGOING_NETWORK_CONNECTIONS = YES;
				ENABLE_PREVIEWS = YES;
				ENABLE_USER_SELECTED_FILES = readwrite;
				GENERATE_INFOPLIST_FILE = NO;
				INFOPLIST_FILE = minimark/App/Info.plist;
				LD_RUNPATH_SEARCH_PATHS = (
					"$(inherited)",
					"@executable_path/../Frameworks",
				);
				MARKETING_VERSION = 1.2.0;
				OTHER_CODE_SIGN_FLAGS = "$(inherited) --deep";
				PRODUCT_BUNDLE_IDENTIFIER = "$(APP_BUNDLE_IDENTIFIER)";
				PRODUCT_MODULE_NAME = minimark;
				PRODUCT_NAME = MarkdownObserver;
				REGISTER_APP_GROUPS = YES;
				STRING_CATALOG_GENERATE_SYMBOLS = YES;
				SWIFT_APPROACHABLE_CONCURRENCY = YES;
				SWIFT_DEFAULT_ACTOR_ISOLATION = MainActor;
				SWIFT_EMIT_LOC_STRINGS = YES;
				SWIFT_UPCOMING_FEATURE_MEMBER_IMPORT_VISIBILITY = YES;
				SWIFT_VERSION = 5.0;
			};
			name = Debug;
		};
		461922732F5ABC8000DD137D /* Release */ = {
			isa = XCBuildConfiguration;
			baseConfigurationReference = D10000000000000000000050 /* Config/OpenSourceDefaults.xcconfig */;
			buildSettings = {
				ASSETCATALOG_COMPILER_APPICON_NAME = AppIcon;
				ASSETCATALOG_COMPILER_GLOBAL_ACCENT_COLOR_NAME = AccentColor;
				CODE_SIGN_ENTITLEMENTS = minimark/App/minimark.entitlements;
				CODE_SIGN_STYLE = Automatic;
				COMBINE_HIDPI_IMAGES = YES;
				CURRENT_PROJECT_VERSION = 56;
				DEAD_CODE_STRIPPING = YES;
				ENABLE_APP_SANDBOX = YES;
				ENABLE_HARDENED_RUNTIME = YES;
				ENABLE_OUTGOING_NETWORK_CONNECTIONS = YES;
				ENABLE_PREVIEWS = YES;
				ENABLE_USER_SELECTED_FILES = readwrite;
				GENERATE_INFOPLIST_FILE = NO;
				INFOPLIST_FILE = minimark/App/Info.plist;
				LD_RUNPATH_SEARCH_PATHS = (
					"$(inherited)",
					"@executable_path/../Frameworks",
				);
				MARKETING_VERSION = 1.2.0;
				PRODUCT_BUNDLE_IDENTIFIER = "$(APP_BUNDLE_IDENTIFIER)";
				PRODUCT_MODULE_NAME = minimark;
				PRODUCT_NAME = MarkdownObserver;
				REGISTER_APP_GROUPS = YES;
				STRING_CATALOG_GENERATE_SYMBOLS = YES;
				SWIFT_APPROACHABLE_CONCURRENCY = YES;
				SWIFT_DEFAULT_ACTOR_ISOLATION = MainActor;
				SWIFT_EMIT_LOC_STRINGS = YES;
				SWIFT_OPTIMIZATION_LEVEL = "-O";
				SWIFT_UPCOMING_FEATURE_MEMBER_IMPORT_VISIBILITY = YES;
				SWIFT_VERSION = 5.0;
			};
			name = Release;
		};
		461922752F5ABC8000DD137D /* Debug */ = {
			isa = XCBuildConfiguration;
			baseConfigurationReference = D10000000000000000000050 /* Config/OpenSourceDefaults.xcconfig */;
			buildSettings = {
				BUNDLE_LOADER = "$(TEST_HOST)";
				CODE_SIGN_STYLE = Automatic;
				CURRENT_PROJECT_VERSION = 3;
				DEAD_CODE_STRIPPING = YES;
				GENERATE_INFOPLIST_FILE = YES;
				MACOSX_DEPLOYMENT_TARGET = 15.0;
				MARKETING_VERSION = 1.0;
				PRODUCT_BUNDLE_IDENTIFIER = "$(TESTS_BUNDLE_IDENTIFIER)";
				PRODUCT_NAME = "$(TARGET_NAME)";
				STRING_CATALOG_GENERATE_SYMBOLS = NO;
				SWIFT_APPROACHABLE_CONCURRENCY = YES;
				SWIFT_EMIT_LOC_STRINGS = NO;
				SWIFT_UPCOMING_FEATURE_MEMBER_IMPORT_VISIBILITY = YES;
				SWIFT_VERSION = 5.0;
				TEST_HOST = "$(BUILT_PRODUCTS_DIR)/MarkdownObserver.app/$(BUNDLE_EXECUTABLE_FOLDER_PATH)/MarkdownObserver";
			};
			name = Debug;
		};
		461922762F5ABC8000DD137D /* Release */ = {
			isa = XCBuildConfiguration;
			baseConfigurationReference = D10000000000000000000050 /* Config/OpenSourceDefaults.xcconfig */;
			buildSettings = {
				BUNDLE_LOADER = "$(TEST_HOST)";
				CODE_SIGN_STYLE = Automatic;
				CURRENT_PROJECT_VERSION = 3;
				DEAD_CODE_STRIPPING = YES;
				GENERATE_INFOPLIST_FILE = YES;
				MACOSX_DEPLOYMENT_TARGET = 15.0;
				MARKETING_VERSION = 1.0;
				PRODUCT_BUNDLE_IDENTIFIER = "$(TESTS_BUNDLE_IDENTIFIER)";
				PRODUCT_NAME = "$(TARGET_NAME)";
				STRING_CATALOG_GENERATE_SYMBOLS = NO;
				SWIFT_APPROACHABLE_CONCURRENCY = YES;
				SWIFT_EMIT_LOC_STRINGS = NO;
				SWIFT_UPCOMING_FEATURE_MEMBER_IMPORT_VISIBILITY = YES;
				SWIFT_VERSION = 5.0;
				TEST_HOST = "$(BUILT_PRODUCTS_DIR)/MarkdownObserver.app/$(BUNDLE_EXECUTABLE_FOLDER_PATH)/MarkdownObserver";
			};
			name = Release;
		};
		461922782F5ABC8000DD137D /* Debug */ = {
			isa = XCBuildConfiguration;
			baseConfigurationReference = D10000000000000000000050 /* Config/OpenSourceDefaults.xcconfig */;
			buildSettings = {
				CODE_SIGN_STYLE = Automatic;
				CURRENT_PROJECT_VERSION = 3;
				DEAD_CODE_STRIPPING = YES;
				GENERATE_INFOPLIST_FILE = YES;
				MARKETING_VERSION = 1.0;
				PRODUCT_BUNDLE_IDENTIFIER = "$(UITESTS_BUNDLE_IDENTIFIER)";
				PRODUCT_NAME = "$(TARGET_NAME)";
				STRING_CATALOG_GENERATE_SYMBOLS = NO;
				SWIFT_APPROACHABLE_CONCURRENCY = YES;
				SWIFT_EMIT_LOC_STRINGS = NO;
				SWIFT_UPCOMING_FEATURE_MEMBER_IMPORT_VISIBILITY = YES;
				SWIFT_VERSION = 5.0;
				TEST_TARGET_NAME = minimark;
			};
			name = Debug;
		};
		461922792F5ABC8000DD137D /* Release */ = {
			isa = XCBuildConfiguration;
			baseConfigurationReference = D10000000000000000000050 /* Config/OpenSourceDefaults.xcconfig */;
			buildSettings = {
				CODE_SIGN_STYLE = Automatic;
				CURRENT_PROJECT_VERSION = 3;
				DEAD_CODE_STRIPPING = YES;
				GENERATE_INFOPLIST_FILE = YES;
				MARKETING_VERSION = 1.0;
				PRODUCT_BUNDLE_IDENTIFIER = "$(UITESTS_BUNDLE_IDENTIFIER)";
				PRODUCT_NAME = "$(TARGET_NAME)";
				STRING_CATALOG_GENERATE_SYMBOLS = NO;
				SWIFT_APPROACHABLE_CONCURRENCY = YES;
				SWIFT_EMIT_LOC_STRINGS = NO;
				SWIFT_UPCOMING_FEATURE_MEMBER_IMPORT_VISIBILITY = YES;
				SWIFT_VERSION = 5.0;
				TEST_TARGET_NAME = minimark;
			};
			name = Release;
		};
/* End XCBuildConfiguration section */

/* Begin XCConfigurationList section */
		461922492F5ABC7E00DD137D /* Build configuration list for PBXProject "minimark" */ = {
			isa = XCConfigurationList;
			buildConfigurations = (
				4619226F2F5ABC8000DD137D /* Debug */,
				461922702F5ABC8000DD137D /* Release */,
			);
			defaultConfigurationIsVisible = 0;
			defaultConfigurationName = Release;
		};
		461922712F5ABC8000DD137D /* Build configuration list for PBXNativeTarget "minimark" */ = {
			isa = XCConfigurationList;
			buildConfigurations = (
				461922722F5ABC8000DD137D /* Debug */,
				461922732F5ABC8000DD137D /* Release */,
			);
			defaultConfigurationIsVisible = 0;
			defaultConfigurationName = Release;
		};
		461922742F5ABC8000DD137D /* Build configuration list for PBXNativeTarget "minimarkTests" */ = {
			isa = XCConfigurationList;
			buildConfigurations = (
				461922752F5ABC8000DD137D /* Debug */,
				461922762F5ABC8000DD137D /* Release */,
			);
			defaultConfigurationIsVisible = 0;
			defaultConfigurationName = Release;
		};
		461922772F5ABC8000DD137D /* Build configuration list for PBXNativeTarget "minimarkUITests" */ = {
			isa = XCConfigurationList;
			buildConfigurations = (
				461922782F5ABC8000DD137D /* Debug */,
				461922792F5ABC8000DD137D /* Release */,
			);
			defaultConfigurationIsVisible = 0;
			defaultConfigurationName = Release;
		};
/* End XCConfigurationList section */

/* Begin XCRemoteSwiftPackageReference section */
		F10000000000000000000002 /* XCRemoteSwiftPackageReference "Differ" */ = {
			isa = XCRemoteSwiftPackageReference;
			repositoryURL = "https://github.com/tonyarnold/Differ.git";
			requirement = {
				kind = upToNextMajorVersion;
				minimumVersion = 1.4.6;
			};
		};
/* End XCRemoteSwiftPackageReference section */

/* Begin XCSwiftPackageProductDependency section */
		F10000000000000000000003 /* Differ */ = {
			isa = XCSwiftPackageProductDependency;
			package = F10000000000000000000002 /* XCRemoteSwiftPackageReference "Differ" */;
			productName = Differ;
		};
/* End XCSwiftPackageProductDependency section */
	};
	rootObject = 461922462F5ABC7E00DD137D /* Project object */;
}
